// !$*UTF8*$!
{
	archiveVersion = 1;
	classes = {
	};
	objectVersion = 50;
	objects = {

/* Begin PBXBuildFile section */
		1A97A5022093DBAB002BA274 /* GameState.swift in Sources */ = {isa = PBXBuildFile; fileRef = 1A97A5012093DBAB002BA274 /* GameState.swift */; };
		1A97A5042093E7CC002BA274 /* Brain.swift in Sources */ = {isa = PBXBuildFile; fileRef = 1A97A5032093E7CC002BA274 /* Brain.swift */; };
		1A97A50920966B1D002BA274 /* Wolfram.swift in Sources */ = {isa = PBXBuildFile; fileRef = 1A97A50820966B1D002BA274 /* Wolfram.swift */; };
		1A9DC94F2087DDE90045C59D /* AppDelegate.swift in Sources */ = {isa = PBXBuildFile; fileRef = 1A9DC94E2087DDE90045C59D /* AppDelegate.swift */; };
		1A9DC9512087DDE90045C59D /* ViewController.swift in Sources */ = {isa = PBXBuildFile; fileRef = 1A9DC9502087DDE90045C59D /* ViewController.swift */; };
		1A9DC9542087DDE90045C59D /* Main.storyboard in Resources */ = {isa = PBXBuildFile; fileRef = 1A9DC9522087DDE90045C59D /* Main.storyboard */; };
		1A9DC9562087DDEB0045C59D /* Assets.xcassets in Resources */ = {isa = PBXBuildFile; fileRef = 1A9DC9552087DDEB0045C59D /* Assets.xcassets */; };
		1A9DC9592087DDEB0045C59D /* LaunchScreen.storyboard in Resources */ = {isa = PBXBuildFile; fileRef = 1A9DC9572087DDEB0045C59D /* LaunchScreen.storyboard */; };
		1A9DC9622087DE230045C59D /* Api.swift in Sources */ = {isa = PBXBuildFile; fileRef = 1A9DC9612087DE230045C59D /* Api.swift */; };
		1A9DC9662087DEC80045C59D /* Hangman.swift in Sources */ = {isa = PBXBuildFile; fileRef = 1A9DC9652087DEC80045C59D /* Hangman.swift */; };
		1A9DC9682087DED30045C59D /* Player.swift in Sources */ = {isa = PBXBuildFile; fileRef = 1A9DC9672087DED30045C59D /* Player.swift */; };
		1A9DC96A2087DF3A0045C59D /* Words.swift in Sources */ = {isa = PBXBuildFile; fileRef = 1A9DC9692087DF3A0045C59D /* Words.swift */; };
		1AAAFEB620A3A00600F33543 /* words.txt in Resources */ = {isa = PBXBuildFile; fileRef = 1AAAFEB520A3A00600F33543 /* words.txt */; };
/* End PBXBuildFile section */

/* Begin PBXFileReference section */
		1A97A5012093DBAB002BA274 /* GameState.swift */ = {isa = PBXFileReference; lastKnownFileType = sourcecode.swift; path = GameState.swift; sourceTree = "<group>"; };
		1A97A5032093E7CC002BA274 /* Brain.swift */ = {isa = PBXFileReference; lastKnownFileType = sourcecode.swift; path = Brain.swift; sourceTree = "<group>"; };
		1A97A50820966B1D002BA274 /* Wolfram.swift */ = {isa = PBXFileReference; lastKnownFileType = sourcecode.swift; path = Wolfram.swift; sourceTree = "<group>"; };
		1A9DC94B2087DDE90045C59D /* Hangman.app */ = {isa = PBXFileReference; explicitFileType = wrapper.application; includeInIndex = 0; path = Hangman.app; sourceTree = BUILT_PRODUCTS_DIR; };
		1A9DC94E2087DDE90045C59D /* AppDelegate.swift */ = {isa = PBXFileReference; lastKnownFileType = sourcecode.swift; path = AppDelegate.swift; sourceTree = "<group>"; };
		1A9DC9502087DDE90045C59D /* ViewController.swift */ = {isa = PBXFileReference; lastKnownFileType = sourcecode.swift; path = ViewController.swift; sourceTree = "<group>"; };
		1A9DC9532087DDE90045C59D /* Base */ = {isa = PBXFileReference; lastKnownFileType = file.storyboard; name = Base; path = Base.lproj/Main.storyboard; sourceTree = "<group>"; };
		1A9DC9552087DDEB0045C59D /* Assets.xcassets */ = {isa = PBXFileReference; lastKnownFileType = folder.assetcatalog; path = Assets.xcassets; sourceTree = "<group>"; };
		1A9DC9582087DDEB0045C59D /* Base */ = {isa = PBXFileReference; lastKnownFileType = file.storyboard; name = Base; path = Base.lproj/LaunchScreen.storyboard; sourceTree = "<group>"; };
		1A9DC95A2087DDEB0045C59D /* Info.plist */ = {isa = PBXFileReference; lastKnownFileType = text.plist.xml; path = Info.plist; sourceTree = "<group>"; };
		1A9DC9612087DE230045C59D /* Api.swift */ = {isa = PBXFileReference; lastKnownFileType = sourcecode.swift; path = Api.swift; sourceTree = "<group>"; };
		1A9DC9652087DEC80045C59D /* Hangman.swift */ = {isa = PBXFileReference; lastKnownFileType = sourcecode.swift; path = Hangman.swift; sourceTree = "<group>"; };
		1A9DC9672087DED30045C59D /* Player.swift */ = {isa = PBXFileReference; lastKnownFileType = sourcecode.swift; path = Player.swift; sourceTree = "<group>"; };
		1A9DC9692087DF3A0045C59D /* Words.swift */ = {isa = PBXFileReference; lastKnownFileType = sourcecode.swift; path = Words.swift; sourceTree = "<group>"; };
		1AAAFEB520A3A00600F33543 /* words.txt */ = {isa = PBXFileReference; fileEncoding = 4; lastKnownFileType = text; path = words.txt; sourceTree = "<group>"; };
/* End PBXFileReference section */

/* Begin PBXFrameworksBuildPhase section */
		1A9DC9482087DDE90045C59D /* Frameworks */ = {
			isa = PBXFrameworksBuildPhase;
			buildActionMask = 2147483647;
			files = (
			);
			runOnlyForDeploymentPostprocessing = 0;
		};
/* End PBXFrameworksBuildPhase section */

/* Begin PBXGroup section */
		1A97A5002093DB87002BA274 /* ApiResponses */ = {
			isa = PBXGroup;
			children = (
				1A97A5012093DBAB002BA274 /* GameState.swift */,
			);
			path = ApiResponses;
			sourceTree = "<group>";
		};
		1A97A50520966115002BA274 /* Resources */ = {
			isa = PBXGroup;
			children = (
				1AAAFEB520A3A00600F33543 /* words.txt */,
			);
			path = Resources;
			sourceTree = "<group>";
		};
		1A9DC9422087DDE90045C59D = {
			isa = PBXGroup;
			children = (
				1A9DC94D2087DDE90045C59D /* Hangman */,
				1A9DC94C2087DDE90045C59D /* Products */,
			);
			sourceTree = "<group>";
		};
		1A9DC94C2087DDE90045C59D /* Products */ = {
			isa = PBXGroup;
			children = (
				1A9DC94B2087DDE90045C59D /* Hangman.app */,
			);
			name = Products;
			sourceTree = "<group>";
		};
		1A9DC94D2087DDE90045C59D /* Hangman */ = {
			isa = PBXGroup;
			children = (
				1A97A50520966115002BA274 /* Resources */,
				1A9DC9602087DDFC0045C59D /* App */,
				1A9DC94E2087DDE90045C59D /* AppDelegate.swift */,
				1A9DC9502087DDE90045C59D /* ViewController.swift */,
				1A9DC9522087DDE90045C59D /* Main.storyboard */,
				1A9DC9552087DDEB0045C59D /* Assets.xcassets */,
				1A9DC9572087DDEB0045C59D /* LaunchScreen.storyboard */,
				1A9DC95A2087DDEB0045C59D /* Info.plist */,
			);
			path = Hangman;
			sourceTree = "<group>";
		};
		1A9DC9602087DDFC0045C59D /* App */ = {
			isa = PBXGroup;
			children = (
				1A97A5002093DB87002BA274 /* ApiResponses */,
				1A9DC96B2087DF500045C59D /* Classes */,
			);
			path = App;
			sourceTree = "<group>";
		};
		1A9DC96B2087DF500045C59D /* Classes */ = {
			isa = PBXGroup;
			children = (
				1A9DC9612087DE230045C59D /* Api.swift */,
				1A9DC9652087DEC80045C59D /* Hangman.swift */,
				1A9DC9692087DF3A0045C59D /* Words.swift */,
				1A9DC9672087DED30045C59D /* Player.swift */,
				1A97A5032093E7CC002BA274 /* Brain.swift */,
				1A97A50820966B1D002BA274 /* Wolfram.swift */,
			);
			path = Classes;
			sourceTree = "<group>";
		};
/* End PBXGroup section */

/* Begin PBXNativeTarget section */
		1A9DC94A2087DDE90045C59D /* Hangman */ = {
			isa = PBXNativeTarget;
			buildConfigurationList = 1A9DC95D2087DDEB0045C59D /* Build configuration list for PBXNativeTarget "Hangman" */;
			buildPhases = (
				1A9DC9472087DDE90045C59D /* Sources */,
				1A9DC9482087DDE90045C59D /* Frameworks */,
				1A9DC9492087DDE90045C59D /* Resources */,
			);
			buildRules = (
			);
			dependencies = (
			);
			name = Hangman;
			productName = Hangman;
			productReference = 1A9DC94B2087DDE90045C59D /* Hangman.app */;
			productType = "com.apple.product-type.application";
		};
/* End PBXNativeTarget section */

/* Begin PBXProject section */
		1A9DC9432087DDE90045C59D /* Project object */ = {
			isa = PBXProject;
			attributes = {
				LastSwiftUpdateCheck = 0930;
				LastUpgradeCheck = 0930;
				ORGANIZATIONNAME = YorkDojo;
				TargetAttributes = {
					1A9DC94A2087DDE90045C59D = {
						CreatedOnToolsVersion = 9.3;
					};
				};
			};
			buildConfigurationList = 1A9DC9462087DDE90045C59D /* Build configuration list for PBXProject "Hangman" */;
			compatibilityVersion = "Xcode 9.3";
			developmentRegion = en;
			hasScannedForEncodings = 0;
			knownRegions = (
				en,
				Base,
			);
			mainGroup = 1A9DC9422087DDE90045C59D;
			productRefGroup = 1A9DC94C2087DDE90045C59D /* Products */;
			projectDirPath = "";
			projectRoot = "";
			targets = (
				1A9DC94A2087DDE90045C59D /* Hangman */,
			);
		};
/* End PBXProject section */

/* Begin PBXResourcesBuildPhase section */
		1A9DC9492087DDE90045C59D /* Resources */ = {
			isa = PBXResourcesBuildPhase;
			buildActionMask = 2147483647;
			files = (
				1A9DC9592087DDEB0045C59D /* LaunchScreen.storyboard in Resources */,
				1A9DC9562087DDEB0045C59D /* Assets.xcassets in Resources */,
				1AAAFEB620A3A00600F33543 /* words.txt in Resources */,
				1A9DC9542087DDE90045C59D /* Main.storyboard in Resources */,
			);
			runOnlyForDeploymentPostprocessing = 0;
		};
/* End PBXResourcesBuildPhase section */

/* Begin PBXSourcesBuildPhase section */
		1A9DC9472087DDE90045C59D /* Sources */ = {
			isa = PBXSourcesBuildPhase;
			buildActionMask = 2147483647;
			files = (
				1A97A5022093DBAB002BA274 /* GameState.swift in Sources */,
				1A9DC9622087DE230045C59D /* Api.swift in Sources */,
				1A97A5042093E7CC002BA274 /* Brain.swift in Sources */,
				1A9DC9512087DDE90045C59D /* ViewController.swift in Sources */,
				1A9DC9662087DEC80045C59D /* Hangman.swift in Sources */,
				1A97A50920966B1D002BA274 /* Wolfram.swift in Sources */,
				1A9DC96A2087DF3A0045C59D /* Words.swift in Sources */,
				1A9DC9682087DED30045C59D /* Player.swift in Sources */,
				1A9DC94F2087DDE90045C59D /* AppDelegate.swift in Sources */,
			);
			runOnlyForDeploymentPostprocessing = 0;
		};
/* End PBXSourcesBuildPhase section */

/* Begin PBXVariantGroup section */
		1A9DC9522087DDE90045C59D /* Main.storyboard */ = {
			isa = PBXVariantGroup;
			children = (
				1A9DC9532087DDE90045C59D /* Base */,
			);
			name = Main.storyboard;
			sourceTree = "<group>";
		};
		1A9DC9572087DDEB0045C59D /* LaunchScreen.storyboard */ = {
			isa = PBXVariantGroup;
			children = (
				1A9DC9582087DDEB0045C59D /* Base */,
			);
			name = LaunchScreen.storyboard;
			sourceTree = "<group>";
		};
/* End PBXVariantGroup section */

/* Begin XCBuildConfiguration section */
		1A9DC95B2087DDEB0045C59D /* Debug */ = {
			isa = XCBuildConfiguration;
			buildSettings = {
				ALWAYS_SEARCH_USER_PATHS = NO;
				CLANG_ANALYZER_NONNULL = YES;
				CLANG_ANALYZER_NUMBER_OBJECT_CONVERSION = YES_AGGRESSIVE;
				CLANG_CXX_LANGUAGE_STANDARD = "gnu++14";
				CLANG_CXX_LIBRARY = "libc++";
				CLANG_ENABLE_MODULES = YES;
				CLANG_ENABLE_OBJC_ARC = YES;
				CLANG_ENABLE_OBJC_WEAK = YES;
				CLANG_WARN_BLOCK_CAPTURE_AUTORELEASING = YES;
				CLANG_WARN_BOOL_CONVERSION = YES;
				CLANG_WARN_COMMA = YES;
				CLANG_WARN_CONSTANT_CONVERSION = YES;
				CLANG_WARN_DEPRECATED_OBJC_IMPLEMENTATIONS = YES;
				CLANG_WARN_DIRECT_OBJC_ISA_USAGE = YES_ERROR;
				CLANG_WARN_DOCUMENTATION_COMMENTS = YES;
				CLANG_WARN_EMPTY_BODY = YES;
				CLANG_WARN_ENUM_CONVERSION = YES;
				CLANG_WARN_INFINITE_RECURSION = YES;
				CLANG_WARN_INT_CONVERSION = YES;
				CLANG_WARN_NON_LITERAL_NULL_CONVERSION = YES;
				CLANG_WARN_OBJC_IMPLICIT_RETAIN_SELF = YES;
				CLANG_WARN_OBJC_LITERAL_CONVERSION = YES;
				CLANG_WARN_OBJC_ROOT_CLASS = YES_ERROR;
				CLANG_WARN_RANGE_LOOP_ANALYSIS = YES;
				CLANG_WARN_STRICT_PROTOTYPES = YES;
				CLANG_WARN_SUSPICIOUS_MOVE = YES;
				CLANG_WARN_UNGUARDED_AVAILABILITY = YES_AGGRESSIVE;
				CLANG_WARN_UNREACHABLE_CODE = YES;
				CLANG_WARN__DUPLICATE_METHOD_MATCH = YES;
				CODE_SIGN_IDENTITY = "iPhone Developer";
				COPY_PHASE_STRIP = NO;
				DEBUG_INFORMATION_FORMAT = dwarf;
				ENABLE_STRICT_OBJC_MSGSEND = YES;
				ENABLE_TESTABILITY = YES;
				GCC_C_LANGUAGE_STANDARD = gnu11;
				GCC_DYNAMIC_NO_PIC = NO;
				GCC_NO_COMMON_BLOCKS = YES;
				GCC_OPTIMIZATION_LEVEL = 0;
				GCC_PREPROCESSOR_DEFINITIONS = (
					"DEBUG=1",
					"$(inherited)",
				);
				GCC_WARN_64_TO_32_BIT_CONVERSION = YES;
				GCC_WARN_ABOUT_RETURN_TYPE = YES_ERROR;
				GCC_WARN_UNDECLARED_SELECTOR = YES;
				GCC_WARN_UNINITIALIZED_AUTOS = YES_AGGRESSIVE;
				GCC_WARN_UNUSED_FUNCTION = YES;
				GCC_WARN_UNUSED_VARIABLE = YES;
				IPHONEOS_DEPLOYMENT_TARGET = 11.3;
				MTL_ENABLE_DEBUG_INFO = YES;
				ONLY_ACTIVE_ARCH = YES;
				SDKROOT = iphoneos;
				SWIFT_ACTIVE_COMPILATION_CONDITIONS = DEBUG;
				SWIFT_OPTIMIZATION_LEVEL = "-Onone";
			};
			name = Debug;
		};
		1A9DC95C2087DDEB0045C59D /* Release */ = {
			isa = XCBuildConfiguration;
			buildSettings = {
				ALWAYS_SEARCH_USER_PATHS = NO;
				CLANG_ANALYZER_NONNULL = YES;
				CLANG_ANALYZER_NUMBER_OBJECT_CONVERSION = YES_AGGRESSIVE;
				CLANG_CXX_LANGUAGE_STANDARD = "gnu++14";
				CLANG_CXX_LIBRARY = "libc++";
				CLANG_ENABLE_MODULES = YES;
				CLANG_ENABLE_OBJC_ARC = YES;
				CLANG_ENABLE_OBJC_WEAK = YES;
				CLANG_WARN_BLOCK_CAPTURE_AUTORELEASING = YES;
				CLANG_WARN_BOOL_CONVERSION = YES;
				CLANG_WARN_COMMA = YES;
				CLANG_WARN_CONSTANT_CONVERSION = YES;
				CLANG_WARN_DEPRECATED_OBJC_IMPLEMENTATIONS = YES;
				CLANG_WARN_DIRECT_OBJC_ISA_USAGE = YES_ERROR;
				CLANG_WARN_DOCUMENTATION_COMMENTS = YES;
				CLANG_WARN_EMPTY_BODY = YES;
				CLANG_WARN_ENUM_CONVERSION = YES;
				CLANG_WARN_INFINITE_RECURSION = YES;
				CLANG_WARN_INT_CONVERSION = YES;
				CLANG_WARN_NON_LITERAL_NULL_CONVERSION = YES;
				CLANG_WARN_OBJC_IMPLICIT_RETAIN_SELF = YES;
				CLANG_WARN_OBJC_LITERAL_CONVERSION = YES;
				CLANG_WARN_OBJC_ROOT_CLASS = YES_ERROR;
				CLANG_WARN_RANGE_LOOP_ANALYSIS = YES;
				CLANG_WARN_STRICT_PROTOTYPES = YES;
				CLANG_WARN_SUSPICIOUS_MOVE = YES;
				CLANG_WARN_UNGUARDED_AVAILABILITY = YES_AGGRESSIVE;
				CLANG_WARN_UNREACHABLE_CODE = YES;
				CLANG_WARN__DUPLICATE_METHOD_MATCH = YES;
				CODE_SIGN_IDENTITY = "iPhone Developer";
				COPY_PHASE_STRIP = NO;
				DEBUG_INFORMATION_FORMAT = "dwarf-with-dsym";
				ENABLE_NS_ASSERTIONS = NO;
				ENABLE_STRICT_OBJC_MSGSEND = YES;
				GCC_C_LANGUAGE_STANDARD = gnu11;
				GCC_NO_COMMON_BLOCKS = YES;
				GCC_WARN_64_TO_32_BIT_CONVERSION = YES;
				GCC_WARN_ABOUT_RETURN_TYPE = YES_ERROR;
				GCC_WARN_UNDECLARED_SELECTOR = YES;
				GCC_WARN_UNINITIALIZED_AUTOS = YES_AGGRESSIVE;
				GCC_WARN_UNUSED_FUNCTION = YES;
				GCC_WARN_UNUSED_VARIABLE = YES;
				IPHONEOS_DEPLOYMENT_TARGET = 11.3;
				MTL_ENABLE_DEBUG_INFO = NO;
				SDKROOT = iphoneos;
				SWIFT_COMPILATION_MODE = wholemodule;
				SWIFT_OPTIMIZATION_LEVEL = "-O";
				VALIDATE_PRODUCT = YES;
			};
			name = Release;
		};
		1A9DC95E2087DDEB0045C59D /* Debug */ = {
			isa = XCBuildConfiguration;
			buildSettings = {
				ASSETCATALOG_COMPILER_APPICON_NAME = AppIcon;
				CODE_SIGN_STYLE = Automatic;
				DEVELOPMENT_TEAM = KLG93AGHTX;
				INFOPLIST_FILE = Hangman/Info.plist;
				LD_RUNPATH_SEARCH_PATHS = (
					"$(inherited)",
					"@executable_path/Frameworks",
				);
				PRODUCT_BUNDLE_IDENTIFIER = yorkdojo.Hangman;
				PRODUCT_NAME = "$(TARGET_NAME)";
				SWIFT_VERSION = 4.0;
				TARGETED_DEVICE_FAMILY = "1,2";
			};
			name = Debug;
		};
		1A9DC95F2087DDEB0045C59D /* Release */ = {
			isa = XCBuildConfiguration;
			buildSettings = {
				ASSETCATALOG_COMPILER_APPICON_NAME = AppIcon;
				CODE_SIGN_STYLE = Automatic;
				DEVELOPMENT_TEAM = KLG93AGHTX;
				INFOPLIST_FILE = Hangman/Info.plist;
				LD_RUNPATH_SEARCH_PATHS = (
					"$(inherited)",
					"@executable_path/Frameworks",
				);
				PRODUCT_BUNDLE_IDENTIFIER = yorkdojo.Hangman;
				PRODUCT_NAME = "$(TARGET_NAME)";
				SWIFT_VERSION = 4.0;
				TARGETED_DEVICE_FAMILY = "1,2";
			};
			name = Release;
		};
/* End XCBuildConfiguration section */

/* Begin XCConfigurationList section */
		1A9DC9462087DDE90045C59D /* Build configuration list for PBXProject "Hangman" */ = {
			isa = XCConfigurationList;
			buildConfigurations = (
				1A9DC95B2087DDEB0045C59D /* Debug */,
				1A9DC95C2087DDEB0045C59D /* Release */,
			);
			defaultConfigurationIsVisible = 0;
			defaultConfigurationName = Release;
		};
		1A9DC95D2087DDEB0045C59D /* Build configuration list for PBXNativeTarget "Hangman" */ = {
			isa = XCConfigurationList;
			buildConfigurations = (
				1A9DC95E2087DDEB0045C59D /* Debug */,
				1A9DC95F2087DDEB0045C59D /* Release */,
			);
			defaultConfigurationIsVisible = 0;
			defaultConfigurationName = Release;
		};
/* End XCConfigurationList section */
	};
	rootObject = 1A9DC9432087DDE90045C59D /* Project object */;
}
